
Microsoft Visual Studio Solution File, Format Version 12.00
# Visual Studio Version 17
VisualStudioVersion = 17.5.002.0
MinimumVisualStudioVersion = 10.0.40219.1
Project("{9A19103F-16F7-4668-BE54-9A1E7A4F7556}") = "WebApi", "WebApi\WebApi.csproj", "{924F254D-4DA1-4A73-AC1B-6C3F00C69464}"
EndProject
Project("{2150E333-8FDC-42A3-9474-1A3956D46DE8}") = "Tests", "Tests", "{3C7CE632-73DB-4B77-9CCC-156E5BCAEA84}"
EndProject
Project("{FAE04EC0-301F-11D3-BF4B-00C04F79EFBC}") = "WebApi.UnitTests", "Tests\Webapi.UnitTests\WebApi.UnitTests.csproj", "{784EA60C-F1C6-423A-82A8-D0DCAB1DCB34}"
EndProject
Global
	GlobalSection(SolutionConfigurationPlatforms) = preSolution
		Debug|Any CPU = Debug|Any CPU
		Release|Any CPU = Release|Any CPU
	EndGlobalSection
	GlobalSection(ProjectConfigurationPlatforms) = postSolution
		{924F254D-4DA1-4A73-AC1B-6C3F00C69464}.Debug|Any CPU.ActiveCfg = Debug|Any CPU
		{924F254D-4DA1-4A73-AC1B-6C3F00C69464}.Debug|Any CPU.Build.0 = Debug|Any CPU
		{924F254D-4DA1-4A73-AC1B-6C3F00C69464}.Release|Any CPU.ActiveCfg = Release|Any CPU
		{924F254D-4DA1-4A73-AC1B-6C3F00C69464}.Release|Any CPU.Build.0 = Release|Any CPU
		{784EA60C-F1C6-423A-82A8-D0DCAB1DCB34}.Debug|Any CPU.ActiveCfg = Debug|Any CPU
		{784EA60C-F1C6-423A-82A8-D0DCAB1DCB34}.Debug|Any CPU.Build.0 = Debug|Any CPU
		{784EA60C-F1C6-423A-82A8-D0DCAB1DCB34}.Release|Any CPU.ActiveCfg = Release|Any CPU
		{784EA60C-F1C6-423A-82A8-D0DCAB1DCB34}.Release|Any CPU.Build.0 = Release|Any CPU
	EndGlobalSection
	GlobalSection(SolutionProperties) = preSolution
		HideSolutionNode = FALSE
	EndGlobalSection
	GlobalSection(ExtensibilityGlobals) = postSolution
		SolutionGuid = {08C21884-F735-4F39-832C-BEBC261A2EBB}
	EndGlobalSection
	GlobalSection(NestedProjects) = preSolution
		{784EA60C-F1C6-423A-82A8-D0DCAB1DCB34} = {3C7CE632-73DB-4B77-9CCC-156E5BCAEA84}
	EndGlobalSection
EndGlobal
